
Microsoft Visual Studio Solution File, Format Version 12.00
# Visual Studio Version 17
Project("{8BC9CEB8-8B4A-11D0-8D11-00A0C91BC942}") = "ALL_BUILD", "ALL_BUILD.vcxproj", "{9C50E501-F49F-3F3C-B339-8EE393994C8C}"
	ProjectSection(ProjectDependencies) = postProject
		{B692C347-EBD9-3BF0-8809-944763F697A5} = {B692C347-EBD9-3BF0-8809-944763F697A5}
		{46F59802-FE2E-33DF-8EB8-09ED486574DA} = {46F59802-FE2E-33DF-8EB8-09ED486574DA}
	EndProjectSection
EndProject
Project("{8BC9CEB8-8B4A-11D0-8D11-00A0C91BC942}") = "INSTALL", "INSTALL.vcxproj", "{CF421615-6B28-3B3B-B3A2-3ED9E680BC12}"
	ProjectSection(ProjectDependencies) = postProject
		{9C50E501-F49F-3F3C-B339-8EE393994C8C} = {9C50E501-F49F-3F3C-B339-8EE393994C8C}
		{B692C347-EBD9-3BF0-8809-944763F697A5} = {B692C347-EBD9-3BF0-8809-944763F697A5}
	EndProjectSection
EndProject
Project("{8BC9CEB8-8B4A-11D0-8D11-00A0C91BC942}") = "ZERO_CHECK", "ZERO_CHECK.vcxproj", "{B692C347-EBD9-3BF0-8809-944763F697A5}"
	ProjectSection(ProjectDependencies) = postProject
	EndProjectSection
EndProject
Project("{8BC9CEB8-8B4A-11D0-8D11-00A0C91BC942}") = "compile__.._modules_pluggableGeometryExample_brl_cad_module_geometry_brlcad.ispc", "compile__.._modules_pluggableGeometryExample_brl_cad_module_geometry_brlcad.ispc.vcxproj", "{BCDBD8AB-DBA4-3882-8142-7B658A513234}"
	ProjectSection(ProjectDependencies) = postProject
		{B692C347-EBD9-3BF0-8809-944763F697A5} = {B692C347-EBD9-3BF0-8809-944763F697A5}
	EndProjectSection
EndProject
Project("{8BC9CEB8-8B4A-11D0-8D11-00A0C91BC942}") = "ospray_module_brl_cad", "ospray_module_brl_cad.vcxproj", "{46F59802-FE2E-33DF-8EB8-09ED486574DA}"
	ProjectSection(ProjectDependencies) = postProject
		{B692C347-EBD9-3BF0-8809-944763F697A5} = {B692C347-EBD9-3BF0-8809-944763F697A5}
		{BCDBD8AB-DBA4-3882-8142-7B658A513234} = {BCDBD8AB-DBA4-3882-8142-7B658A513234}
	EndProjectSection
EndProject
Global
	GlobalSection(SolutionConfigurationPlatforms) = preSolution
		Debug|x64 = Debug|x64
		Release|x64 = Release|x64
		MinSizeRel|x64 = MinSizeRel|x64
		RelWithDebInfo|x64 = RelWithDebInfo|x64
	EndGlobalSection
	GlobalSection(ProjectConfigurationPlatforms) = postSolution
		{9C50E501-F49F-3F3C-B339-8EE393994C8C}.Debug|x64.ActiveCfg = Debug|x64
		{9C50E501-F49F-3F3C-B339-8EE393994C8C}.Debug|x64.Build.0 = Debug|x64
		{9C50E501-F49F-3F3C-B339-8EE393994C8C}.Release|x64.ActiveCfg = Release|x64
		{9C50E501-F49F-3F3C-B339-8EE393994C8C}.Release|x64.Build.0 = Release|x64
		{9C50E501-F49F-3F3C-B339-8EE393994C8C}.MinSizeRel|x64.ActiveCfg = MinSizeRel|x64
		{9C50E501-F49F-3F3C-B339-8EE393994C8C}.MinSizeRel|x64.Build.0 = MinSizeRel|x64
		{9C50E501-F49F-3F3C-B339-8EE393994C8C}.RelWithDebInfo|x64.ActiveCfg = RelWithDebInfo|x64
		{9C50E501-F49F-3F3C-B339-8EE393994C8C}.RelWithDebInfo|x64.Build.0 = RelWithDebInfo|x64
		{CF421615-6B28-3B3B-B3A2-3ED9E680BC12}.Debug|x64.ActiveCfg = Debug|x64
		{CF421615-6B28-3B3B-B3A2-3ED9E680BC12}.Release|x64.ActiveCfg = Release|x64
		{CF421615-6B28-3B3B-B3A2-3ED9E680BC12}.MinSizeRel|x64.ActiveCfg = MinSizeRel|x64
		{CF421615-6B28-3B3B-B3A2-3ED9E680BC12}.RelWithDebInfo|x64.ActiveCfg = RelWithDebInfo|x64
		{B692C347-EBD9-3BF0-8809-944763F697A5}.Debug|x64.ActiveCfg = Debug|x64
		{B692C347-EBD9-3BF0-8809-944763F697A5}.Debug|x64.Build.0 = Debug|x64
		{B692C347-EBD9-3BF0-8809-944763F697A5}.Release|x64.ActiveCfg = Release|x64
		{B692C347-EBD9-3BF0-8809-944763F697A5}.Release|x64.Build.0 = Release|x64
		{B692C347-EBD9-3BF0-8809-944763F697A5}.MinSizeRel|x64.ActiveCfg = MinSizeRel|x64
		{B692C347-EBD9-3BF0-8809-944763F697A5}.MinSizeRel|x64.Build.0 = MinSizeRel|x64
		{B692C347-EBD9-3BF0-8809-944763F697A5}.RelWithDebInfo|x64.ActiveCfg = RelWithDebInfo|x64
		{B692C347-EBD9-3BF0-8809-944763F697A5}.RelWithDebInfo|x64.Build.0 = RelWithDebInfo|x64
		{BCDBD8AB-DBA4-3882-8142-7B658A513234}.Debug|x64.ActiveCfg = Debug|x64
		{BCDBD8AB-DBA4-3882-8142-7B658A513234}.Debug|x64.Build.0 = Debug|x64
		{BCDBD8AB-DBA4-3882-8142-7B658A513234}.Release|x64.ActiveCfg = Release|x64
		{BCDBD8AB-DBA4-3882-8142-7B658A513234}.Release|x64.Build.0 = Release|x64
		{BCDBD8AB-DBA4-3882-8142-7B658A513234}.MinSizeRel|x64.ActiveCfg = MinSizeRel|x64
		{BCDBD8AB-DBA4-3882-8142-7B658A513234}.MinSizeRel|x64.Build.0 = MinSizeRel|x64
		{BCDBD8AB-DBA4-3882-8142-7B658A513234}.RelWithDebInfo|x64.ActiveCfg = RelWithDebInfo|x64
		{BCDBD8AB-DBA4-3882-8142-7B658A513234}.RelWithDebInfo|x64.Build.0 = RelWithDebInfo|x64
		{46F59802-FE2E-33DF-8EB8-09ED486574DA}.Debug|x64.ActiveCfg = Debug|x64
		{46F59802-FE2E-33DF-8EB8-09ED486574DA}.Debug|x64.Build.0 = Debug|x64
		{46F59802-FE2E-33DF-8EB8-09ED486574DA}.Release|x64.ActiveCfg = Release|x64
		{46F59802-FE2E-33DF-8EB8-09ED486574DA}.Release|x64.Build.0 = Release|x64
		{46F59802-FE2E-33DF-8EB8-09ED486574DA}.MinSizeRel|x64.ActiveCfg = MinSizeRel|x64
		{46F59802-FE2E-33DF-8EB8-09ED486574DA}.MinSizeRel|x64.Build.0 = MinSizeRel|x64
		{46F59802-FE2E-33DF-8EB8-09ED486574DA}.RelWithDebInfo|x64.ActiveCfg = RelWithDebInfo|x64
		{46F59802-FE2E-33DF-8EB8-09ED486574DA}.RelWithDebInfo|x64.Build.0 = RelWithDebInfo|x64
	EndGlobalSection
	GlobalSection(ExtensibilityGlobals) = postSolution
		SolutionGuid = {39A77D18-EBA6-3703-894B-5EB2BBF26F05}
	EndGlobalSection
	GlobalSection(ExtensibilityAddIns) = postSolution
	EndGlobalSection
EndGlobal
