<?xml version="1.0" encoding="utf-8"?>
<Project ToolsVersion="17.0" xmlns="http://schemas.microsoft.com/developer/msbuild/2003">
  <ItemGroup>
    <CustomBuild Include="X:\bw\CMakeFiles\d6d69811374c21e001ea8f86cdf9d2d1\generate.stamp.rule">
      <Filter>CMake Rules</Filter>
    </CustomBuild>
  </ItemGroup>
  <ItemGroup>
    <Filter Include="CMake Rules">
      <UniqueIdentifier>{40031341-E7D9-3F61-9875-CB6A5A0F0D52}</UniqueIdentifier>
    </Filter>
  </ItemGroup>
</Project>
