<?xml version="1.0" encoding="utf-8"?>
<Project ToolsVersion="17.0" xmlns="http://schemas.microsoft.com/developer/msbuild/2003">
  <ItemGroup>
    <CustomBuild Include="C:\BRLCADVisualizer\brl_cad_standalone\build-win\CMakeFiles\2d122a7230b4bf2ac11efc41e3e6fe07\brlcad.dev.obj.rule">
      <Filter>CMake Rules</Filter>
    </CustomBuild>
    <CustomBuild Include="C:\BRLCADVisualizer\brl_cad_standalone\build-win\CMakeFiles\044cbf6f94dd39750338d76789db4d25\compile__.._modules_pluggableGeometryExample_brl_cad_module_geometry_brlcad.ispc.rule">
      <Filter>CMake Rules</Filter>
    </CustomBuild>
    <CustomBuild Include="C:\BRLCADVisualizer\brl_cad_standalone\CMakeLists.txt" />
  </ItemGroup>
  <ItemGroup>
    <None Include="C:\BRLCADVisualizer\brl_cad_standalone\build-win\CMakeFiles\compile__.._modules_pluggableGeometryExample_brl_cad_module_geometry_brlcad.ispc" />
  </ItemGroup>
  <ItemGroup>
    <Filter Include="CMake Rules">
      <UniqueIdentifier>{2DF90EE0-E45D-35DB-ABC8-0829AC065CD0}</UniqueIdentifier>
    </Filter>
  </ItemGroup>
</Project>
